
Microsoft Visual Studio Solution File, Format Version 12.00
# Visual Studio 15
VisualStudioVersion = 15.0.28307.1062
MinimumVisualStudioVersion = 10.0.40219.1
Project("{262852C6-CD72-467D-83FE-5EEB1973A190}") = "bangmapPlayer", "bangmapPlayer\bangmapPlayer.jsproj", "{FEEAFCF6-6F6D-4AEE-A7F0-01E4E69BCEA1}"
EndProject
Global
	GlobalSection(SolutionConfigurationPlatforms) = preSolution
		Debug|Android = Debug|Android
		Debug|iOS = Debug|iOS
		Debug|Windows-ARM = Debug|Windows-ARM
		Debug|Windows-x64 = Debug|Windows-x64
		Debug|Windows-x86 = Debug|Windows-x86
		Release|Android = Release|Android
		Release|iOS = Release|iOS
		Release|Windows-ARM = Release|Windows-ARM
		Release|Windows-x64 = Release|Windows-x64
		Release|Windows-x86 = Release|Windows-x86
	EndGlobalSection
	GlobalSection(ProjectConfigurationPlatforms) = postSolution
		{FEEAFCF6-6F6D-4AEE-A7F0-01E4E69BCEA1}.Debug|Android.ActiveCfg = Debug|Android
		{FEEAFCF6-6F6D-4AEE-A7F0-01E4E69BCEA1}.Debug|Android.Build.0 = Debug|Android
		{FEEAFCF6-6F6D-4AEE-A7F0-01E4E69BCEA1}.Debug|Android.Deploy.0 = Debug|Android
		{FEEAFCF6-6F6D-4AEE-A7F0-01E4E69BCEA1}.Debug|iOS.ActiveCfg = Debug|iOS
		{FEEAFCF6-6F6D-4AEE-A7F0-01E4E69BCEA1}.Debug|iOS.Build.0 = Debug|iOS
		{FEEAFCF6-6F6D-4AEE-A7F0-01E4E69BCEA1}.Debug|iOS.Deploy.0 = Debug|iOS
		{FEEAFCF6-6F6D-4AEE-A7F0-01E4E69BCEA1}.Debug|Windows-ARM.ActiveCfg = Debug|Windows-ARM
		{FEEAFCF6-6F6D-4AEE-A7F0-01E4E69BCEA1}.Debug|Windows-ARM.Build.0 = Debug|Windows-ARM
		{FEEAFCF6-6F6D-4AEE-A7F0-01E4E69BCEA1}.Debug|Windows-ARM.Deploy.0 = Debug|Windows-ARM
		{FEEAFCF6-6F6D-4AEE-A7F0-01E4E69BCEA1}.Debug|Windows-x64.ActiveCfg = Debug|Windows-x64
		{FEEAFCF6-6F6D-4AEE-A7F0-01E4E69BCEA1}.Debug|Windows-x64.Build.0 = Debug|Windows-x64
		{FEEAFCF6-6F6D-4AEE-A7F0-01E4E69BCEA1}.Debug|Windows-x64.Deploy.0 = Debug|Windows-x64
		{FEEAFCF6-6F6D-4AEE-A7F0-01E4E69BCEA1}.Debug|Windows-x86.ActiveCfg = Debug|Windows-x86
		{FEEAFCF6-6F6D-4AEE-A7F0-01E4E69BCEA1}.Debug|Windows-x86.Build.0 = Debug|Windows-x86
		{FEEAFCF6-6F6D-4AEE-A7F0-01E4E69BCEA1}.Debug|Windows-x86.Deploy.0 = Debug|Windows-x86
		{FEEAFCF6-6F6D-4AEE-A7F0-01E4E69BCEA1}.Release|Android.ActiveCfg = Release|Android
		{FEEAFCF6-6F6D-4AEE-A7F0-01E4E69BCEA1}.Release|Android.Build.0 = Release|Android
		{FEEAFCF6-6F6D-4AEE-A7F0-01E4E69BCEA1}.Release|Android.Deploy.0 = Release|Android
		{FEEAFCF6-6F6D-4AEE-A7F0-01E4E69BCEA1}.Release|iOS.ActiveCfg = Release|iOS
		{FEEAFCF6-6F6D-4AEE-A7F0-01E4E69BCEA1}.Release|iOS.Build.0 = Release|iOS
		{FEEAFCF6-6F6D-4AEE-A7F0-01E4E69BCEA1}.Release|iOS.Deploy.0 = Release|iOS
		{FEEAFCF6-6F6D-4AEE-A7F0-01E4E69BCEA1}.Release|Windows-ARM.ActiveCfg = Release|Windows-ARM
		{FEEAFCF6-6F6D-4AEE-A7F0-01E4E69BCEA1}.Release|Windows-ARM.Build.0 = Release|Windows-ARM
		{FEEAFCF6-6F6D-4AEE-A7F0-01E4E69BCEA1}.Release|Windows-ARM.Deploy.0 = Release|Windows-ARM
		{FEEAFCF6-6F6D-4AEE-A7F0-01E4E69BCEA1}.Release|Windows-x64.ActiveCfg = Release|Windows-x64
		{FEEAFCF6-6F6D-4AEE-A7F0-01E4E69BCEA1}.Release|Windows-x64.Build.0 = Release|Windows-x64
		{FEEAFCF6-6F6D-4AEE-A7F0-01E4E69BCEA1}.Release|Windows-x64.Deploy.0 = Release|Windows-x64
		{FEEAFCF6-6F6D-4AEE-A7F0-01E4E69BCEA1}.Release|Windows-x86.ActiveCfg = Release|Windows-x86
		{FEEAFCF6-6F6D-4AEE-A7F0-01E4E69BCEA1}.Release|Windows-x86.Build.0 = Release|Windows-x86
		{FEEAFCF6-6F6D-4AEE-A7F0-01E4E69BCEA1}.Release|Windows-x86.Deploy.0 = Release|Windows-x86
	EndGlobalSection
	GlobalSection(SolutionProperties) = preSolution
		HideSolutionNode = FALSE
	EndGlobalSection
	GlobalSection(ExtensibilityGlobals) = postSolution
		SolutionGuid = {2F1AF789-E931-4885-81E2-384B7D3E5477}
	EndGlobalSection
EndGlobal
